<?xml version="1.0" encoding="utf-8"?>
<Project ToolsVersion="16.0" xmlns="http://schemas.microsoft.com/developer/msbuild/2003">
  <ItemGroup>
    <ClCompile Include="D:\projects\Portfolio\examples\lazerTest\source\main.cpp">
      <Filter>Source Files</Filter>
    </ClCompile>
    <ClCompile Include="D:\projects\Portfolio\examples\lazerTest\source\arduino-serial-lib.c">
      <Filter>Source Files</Filter>
    </ClCompile>
    <ClCompile Include="D:\projects\Portfolio\examples\lazerTest\source\UArduinoComms.cpp">
      <Filter>Source Files</Filter>
    </ClCompile>
    <ClCompile Include="D:\projects\Portfolio\dependencies\imgui\imgui.cpp">
      <Filter>Source Files</Filter>
    </ClCompile>
    <ClCompile Include="D:\projects\Portfolio\dependencies\imgui\imgui_draw.cpp">
      <Filter>Source Files</Filter>
    </ClCompile>
    <ClCompile Include="D:\projects\Portfolio\dependencies\imgui\imgui_demo.cpp">
      <Filter>Source Files</Filter>
    </ClCompile>
    <ClCompile Include="D:\projects\Portfolio\dependencies\imgui\imgui_widgets.cpp">
      <Filter>Source Files</Filter>
    </ClCompile>
  </ItemGroup>
  <ItemGroup>
    <ClInclude Include="D:\projects\Portfolio\include\Camera.h">
      <Filter>Header Files</Filter>
    </ClInclude>
    <ClInclude Include="D:\projects\Portfolio\include\DefaultUniformBuffer.h">
      <Filter>Header Files</Filter>
    </ClInclude>
    <ClInclude Include="D:\projects\Portfolio\include\Scene.h">
      <Filter>Header Files</Filter>
    </ClInclude>
    <ClInclude Include="D:\projects\Portfolio\include\Texture.h">
      <Filter>Header Files</Filter>
    </ClInclude>
    <ClInclude Include="D:\projects\Portfolio\include\TexturedScene.h">
      <Filter>Header Files</Filter>
    </ClInclude>
    <ClInclude Include="D:\projects\Portfolio\include\UniformBuffer.h">
      <Filter>Header Files</Filter>
    </ClInclude>
    <ClInclude Include="D:\projects\Portfolio\include\Utilities.h">
      <Filter>Header Files</Filter>
    </ClInclude>
    <ClInclude Include="D:\projects\Portfolio\include\VertexBuffer.h">
      <Filter>Header Files</Filter>
    </ClInclude>
    <ClInclude Include="D:\projects\Portfolio\examples\lazerTest\include\lazerTest.h">
      <Filter>Header Files</Filter>
    </ClInclude>
    <ClInclude Include="D:\projects\Portfolio\examples\lazerTest\include\arduino-serial-lib.h">
      <Filter>Header Files</Filter>
    </ClInclude>
    <ClInclude Include="D:\projects\Portfolio\examples\lazerTest\include\UArduinoComms.h">
      <Filter>Header Files</Filter>
    </ClInclude>
  </ItemGroup>
  <ItemGroup>
    <CustomBuild Include="D:\projects\Portfolio\examples\lazerTest\CMakeLists.txt" />
  </ItemGroup>
  <ItemGroup>
    <Filter Include="Header Files">
      <UniqueIdentifier>{55380EB7-A92A-3F09-B3A9-49209EA8F32C}</UniqueIdentifier>
    </Filter>
    <Filter Include="Source Files">
      <UniqueIdentifier>{03C20F78-FFE4-3819-BF8E-52C3E02475FB}</UniqueIdentifier>
    </Filter>
  </ItemGroup>
</Project>
